
Microsoft Visual Studio Solution File, Format Version 12.00
# Visual Studio Version 17
VisualStudioVersion = 17.10.35027.167
MinimumVisualStudioVersion = 10.0.40219.1
Project("{9A19103F-16F7-4668-BE54-9A1E7A4F7556}") = "RedisSqlDemo", "RedisSqlDemo.csproj", "{8A4990DE-9F88-478D-A635-6CF551910A31}"
EndProject
Global
	GlobalSection(SolutionConfigurationPlatforms) = preSolution
		Debug|Any CPU = Debug|Any CPU
		Release|Any CPU = Release|Any CPU
	EndGlobalSection
	GlobalSection(ProjectConfigurationPlatforms) = postSolution
		{8A4990DE-9F88-478D-A635-6CF551910A31}.Debug|Any CPU.ActiveCfg = Debug|Any CPU
		{8A4990DE-9F88-478D-A635-6CF551910A31}.Debug|Any CPU.Build.0 = Debug|Any CPU
		{8A4990DE-9F88-478D-A635-6CF551910A31}.Release|Any CPU.ActiveCfg = Release|Any CPU
		{8A4990DE-9F88-478D-A635-6CF551910A31}.Release|Any CPU.Build.0 = Release|Any CPU
	EndGlobalSection
	GlobalSection(SolutionProperties) = preSolution
		HideSolutionNode = FALSE
	EndGlobalSection
	GlobalSection(ExtensibilityGlobals) = postSolution
		SolutionGuid = {947BA4AB-5D1F-4408-9C0A-851EDE6B8974}
	EndGlobalSection
EndGlobal
